
Microsoft Visual Studio Solution File, Format Version 12.00
# Visual Studio Version 17
VisualStudioVersion = 17.0.32014.148
MinimumVisualStudioVersion = 10.0.40219.1
Project("{8BC9CEB8-8B4A-11D0-8D11-00A0C91BC942}") = "Problem 2", "Problem 2.vcxproj", "{7BF329DE-B46F-47AA-A487-5EB055E39C21}"
EndProject
Global
	GlobalSection(SolutionConfigurationPlatforms) = preSolution
		Debug|x64 = Debug|x64
		Debug|x86 = Debug|x86
		Release|x64 = Release|x64
		Release|x86 = Release|x86
	EndGlobalSection
	GlobalSection(ProjectConfigurationPlatforms) = postSolution
		{7BF329DE-B46F-47AA-A487-5EB055E39C21}.Debug|x64.ActiveCfg = Debug|x64
		{7BF329DE-B46F-47AA-A487-5EB055E39C21}.Debug|x64.Build.0 = Debug|x64
		{7BF329DE-B46F-47AA-A487-5EB055E39C21}.Debug|x86.ActiveCfg = Debug|Win32
		{7BF329DE-B46F-47AA-A487-5EB055E39C21}.Debug|x86.Build.0 = Debug|Win32
		{7BF329DE-B46F-47AA-A487-5EB055E39C21}.Release|x64.ActiveCfg = Release|x64
		{7BF329DE-B46F-47AA-A487-5EB055E39C21}.Release|x64.Build.0 = Release|x64
		{7BF329DE-B46F-47AA-A487-5EB055E39C21}.Release|x86.ActiveCfg = Release|Win32
		{7BF329DE-B46F-47AA-A487-5EB055E39C21}.Release|x86.Build.0 = Release|Win32
	EndGlobalSection
	GlobalSection(SolutionProperties) = preSolution
		HideSolutionNode = FALSE
	EndGlobalSection
	GlobalSection(ExtensibilityGlobals) = postSolution
		SolutionGuid = {69983A70-3291-440B-B6C5-FB997A7E979A}
	EndGlobalSection
EndGlobal
